
Microsoft Visual Studio Solution File, Format Version 12.00
# Visual Studio Version 17
VisualStudioVersion = 17.13.35919.96
MinimumVisualStudioVersion = 10.0.40219.1
Project("{FAE04EC0-301F-11D3-BF4B-00C04F79EFBC}") = "Anotacoes", "Anotacoes\Anotacoes.csproj", "{22B2D5E6-D7DA-458E-82EE-7D07B11369AB}"
EndProject
Global
	GlobalSection(SolutionConfigurationPlatforms) = preSolution
		Debug|Any CPU = Debug|Any CPU
		Release|Any CPU = Release|Any CPU
	EndGlobalSection
	GlobalSection(ProjectConfigurationPlatforms) = postSolution
		{22B2D5E6-D7DA-458E-82EE-7D07B11369AB}.Debug|Any CPU.ActiveCfg = Debug|Any CPU
		{22B2D5E6-D7DA-458E-82EE-7D07B11369AB}.Debug|Any CPU.Build.0 = Debug|Any CPU
		{22B2D5E6-D7DA-458E-82EE-7D07B11369AB}.Release|Any CPU.ActiveCfg = Release|Any CPU
		{22B2D5E6-D7DA-458E-82EE-7D07B11369AB}.Release|Any CPU.Build.0 = Release|Any CPU
	EndGlobalSection
	GlobalSection(SolutionProperties) = preSolution
		HideSolutionNode = FALSE
	EndGlobalSection
	GlobalSection(ExtensibilityGlobals) = postSolution
		SolutionGuid = {A4BE8438-2646-4286-A893-23E24D49A7D9}
	EndGlobalSection
EndGlobal
